
Microsoft Visual Studio Solution File, Format Version 12.00
# Visual Studio Version 16
VisualStudioVersion = 16.0.30413.136
MinimumVisualStudioVersion = 10.0.40219.1
Project("{2150E333-8FDC-42A3-9474-1A3956D46DE8}") = "Solution Items", "Solution Items", "{384BBD8E-1B2E-4A3C-80C7-7957ACD56C23}"
	ProjectSection(SolutionItems) = preProject
		README.md = README.md
	EndProjectSection
EndProject
Project("{9A19103F-16F7-4668-BE54-9A1E7A4F7556}") = "TeduAsp.WebApp", "TeduAsp.WebApp\TeduAsp.WebApp.csproj", "{7DC2C283-E4B0-40AD-9A91-F862B1A82FD0}"
EndProject
Project("{9A19103F-16F7-4668-BE54-9A1E7A4F7556}") = "TeduAsp.Data", "TeduAsp.Data\TeduAsp.Data.csproj", "{E177BC9F-EA17-4F20-AAFD-80865080AFB5}"
EndProject
Project("{9A19103F-16F7-4668-BE54-9A1E7A4F7556}") = "TeduAsp.Application", "TeduAsp.Application\TeduAsp.Application.csproj", "{CC6ACC8D-62A5-4B7F-8105-6E55E9345194}"
EndProject
Project("{9A19103F-16F7-4668-BE54-9A1E7A4F7556}") = "TeduAsp.Utilites", "TeduAsp.Utilites\TeduAsp.Utilites.csproj", "{C2154F8C-EE4F-4AE5-AEAC-2E757C070318}"
EndProject
Project("{FAE04EC0-301F-11D3-BF4B-00C04F79EFBC}") = "TeduAsp.ViewModels", "TeduAsp.ViewModels\TeduAsp.ViewModels.csproj", "{5EE60505-7535-4A3B-815C-E91CE36683E3}"
EndProject
Global
	GlobalSection(SolutionConfigurationPlatforms) = preSolution
		Debug|Any CPU = Debug|Any CPU
		Release|Any CPU = Release|Any CPU
	EndGlobalSection
	GlobalSection(ProjectConfigurationPlatforms) = postSolution
		{7DC2C283-E4B0-40AD-9A91-F862B1A82FD0}.Debug|Any CPU.ActiveCfg = Debug|Any CPU
		{7DC2C283-E4B0-40AD-9A91-F862B1A82FD0}.Debug|Any CPU.Build.0 = Debug|Any CPU
		{7DC2C283-E4B0-40AD-9A91-F862B1A82FD0}.Release|Any CPU.ActiveCfg = Release|Any CPU
		{7DC2C283-E4B0-40AD-9A91-F862B1A82FD0}.Release|Any CPU.Build.0 = Release|Any CPU
		{E177BC9F-EA17-4F20-AAFD-80865080AFB5}.Debug|Any CPU.ActiveCfg = Debug|Any CPU
		{E177BC9F-EA17-4F20-AAFD-80865080AFB5}.Debug|Any CPU.Build.0 = Debug|Any CPU
		{E177BC9F-EA17-4F20-AAFD-80865080AFB5}.Release|Any CPU.ActiveCfg = Release|Any CPU
		{E177BC9F-EA17-4F20-AAFD-80865080AFB5}.Release|Any CPU.Build.0 = Release|Any CPU
		{CC6ACC8D-62A5-4B7F-8105-6E55E9345194}.Debug|Any CPU.ActiveCfg = Debug|Any CPU
		{CC6ACC8D-62A5-4B7F-8105-6E55E9345194}.Debug|Any CPU.Build.0 = Debug|Any CPU
		{CC6ACC8D-62A5-4B7F-8105-6E55E9345194}.Release|Any CPU.ActiveCfg = Release|Any CPU
		{CC6ACC8D-62A5-4B7F-8105-6E55E9345194}.Release|Any CPU.Build.0 = Release|Any CPU
		{C2154F8C-EE4F-4AE5-AEAC-2E757C070318}.Debug|Any CPU.ActiveCfg = Debug|Any CPU
		{C2154F8C-EE4F-4AE5-AEAC-2E757C070318}.Debug|Any CPU.Build.0 = Debug|Any CPU
		{C2154F8C-EE4F-4AE5-AEAC-2E757C070318}.Release|Any CPU.ActiveCfg = Release|Any CPU
		{C2154F8C-EE4F-4AE5-AEAC-2E757C070318}.Release|Any CPU.Build.0 = Release|Any CPU
		{5EE60505-7535-4A3B-815C-E91CE36683E3}.Debug|Any CPU.ActiveCfg = Debug|Any CPU
		{5EE60505-7535-4A3B-815C-E91CE36683E3}.Debug|Any CPU.Build.0 = Debug|Any CPU
		{5EE60505-7535-4A3B-815C-E91CE36683E3}.Release|Any CPU.ActiveCfg = Release|Any CPU
		{5EE60505-7535-4A3B-815C-E91CE36683E3}.Release|Any CPU.Build.0 = Release|Any CPU
	EndGlobalSection
	GlobalSection(SolutionProperties) = preSolution
		HideSolutionNode = FALSE
	EndGlobalSection
	GlobalSection(ExtensibilityGlobals) = postSolution
		SolutionGuid = {2D2DE65D-C8F9-4350-B516-6F2AD03FBA62}
	EndGlobalSection
EndGlobal
